
Microsoft Visual Studio Solution File, Format Version 12.00
# Visual Studio Version 16
VisualStudioVersion = 16.0.31624.102
MinimumVisualStudioVersion = 10.0.40219.1
Project("{9A19103F-16F7-4668-BE54-9A1E7A4F7556}") = "1 lab.Device", "1 lab.Device\1 lab.Device.csproj", "{C8F29E73-B14A-48AC-B3DA-8D96CA4D28C9}"
EndProject
Project("{9A19103F-16F7-4668-BE54-9A1E7A4F7556}") = "1 lab.Parts", "1 lab.Parts\1 lab.Parts.csproj", "{9BE7B161-906C-45B4-8C77-4C72914D8A10}"
EndProject
Project("{9A19103F-16F7-4668-BE54-9A1E7A4F7556}") = "1 lab.UI", "1 lab.UI\1 lab.UI.csproj", "{BAF5C781-1C18-4511-884D-3AD6289443B7}"
EndProject
Project("{9A19103F-16F7-4668-BE54-9A1E7A4F7556}") = "2 lab.Storage", "2 lab.Storage\2 lab.Storage.csproj", "{712C8BD7-3304-4344-AD89-44BBE013FD82}"
EndProject
Project("{9A19103F-16F7-4668-BE54-9A1E7A4F7556}") = "2 lab.UI", "2 lab.UI\2 lab.UI.csproj", "{0CF665AA-1623-42BD-9C10-82475220B0C5}"
EndProject
Project("{9A19103F-16F7-4668-BE54-9A1E7A4F7556}") = "3 lab.Doctors", "3 lab.Doctors\3 lab.Doctors.csproj", "{666F76E0-E1F4-4FCC-A025-E8D0CE9CD8C4}"
EndProject
Project("{9A19103F-16F7-4668-BE54-9A1E7A4F7556}") = "3 lab.UI", "3 lab.UI\3 lab.UI.csproj", "{DF992B67-A589-434B-A4D9-D885C981D547}"
EndProject
Project("{9A19103F-16F7-4668-BE54-9A1E7A4F7556}") = "4 lab.ClassLibrary", "4 lab.ClassLibrary\4 lab.ClassLibrary.csproj", "{46AE194D-89C3-4D79-8070-FBAD05D967A2}"
EndProject
Project("{9A19103F-16F7-4668-BE54-9A1E7A4F7556}") = "4 lab.UI", "4 lab.UI\4 lab.UI.csproj", "{57F9CDF2-7B55-4863-BCB3-00320C579831}"
EndProject
Project("{2150E333-8FDC-42A3-9474-1A3956D46DE8}") = "Lab1", "Lab1", "{50EB3A44-951F-4238-8E57-1F75F5976F39}"
EndProject
Project("{2150E333-8FDC-42A3-9474-1A3956D46DE8}") = "Lab2", "Lab2", "{DE95B9B6-7735-4FE4-B468-580654CC0519}"
EndProject
Project("{2150E333-8FDC-42A3-9474-1A3956D46DE8}") = "Lab3", "Lab3", "{8A81D1CA-960D-4917-A7CD-8AA93EEC2441}"
EndProject
Project("{2150E333-8FDC-42A3-9474-1A3956D46DE8}") = "Lab4", "Lab4", "{272AC58A-DDE8-4F3D-B162-F1D6BCD7A8BA}"
EndProject
Project("{2150E333-8FDC-42A3-9474-1A3956D46DE8}") = "Lab5", "Lab5", "{317D842C-A798-470C-8F0F-798D2623E751}"
EndProject
Project("{FAE04EC0-301F-11D3-BF4B-00C04F79EFBC}") = "5 lab.Models", "5 lab.Models\5 lab.Models.csproj", "{1AE805B6-DB06-4DD5-9274-F52A46F8E647}"
EndProject
Global
	GlobalSection(SolutionConfigurationPlatforms) = preSolution
		Debug|Any CPU = Debug|Any CPU
		Release|Any CPU = Release|Any CPU
	EndGlobalSection
	GlobalSection(ProjectConfigurationPlatforms) = postSolution
		{C8F29E73-B14A-48AC-B3DA-8D96CA4D28C9}.Debug|Any CPU.ActiveCfg = Debug|Any CPU
		{C8F29E73-B14A-48AC-B3DA-8D96CA4D28C9}.Debug|Any CPU.Build.0 = Debug|Any CPU
		{C8F29E73-B14A-48AC-B3DA-8D96CA4D28C9}.Release|Any CPU.ActiveCfg = Release|Any CPU
		{C8F29E73-B14A-48AC-B3DA-8D96CA4D28C9}.Release|Any CPU.Build.0 = Release|Any CPU
		{9BE7B161-906C-45B4-8C77-4C72914D8A10}.Debug|Any CPU.ActiveCfg = Debug|Any CPU
		{9BE7B161-906C-45B4-8C77-4C72914D8A10}.Debug|Any CPU.Build.0 = Debug|Any CPU
		{9BE7B161-906C-45B4-8C77-4C72914D8A10}.Release|Any CPU.ActiveCfg = Release|Any CPU
		{9BE7B161-906C-45B4-8C77-4C72914D8A10}.Release|Any CPU.Build.0 = Release|Any CPU
		{BAF5C781-1C18-4511-884D-3AD6289443B7}.Debug|Any CPU.ActiveCfg = Debug|Any CPU
		{BAF5C781-1C18-4511-884D-3AD6289443B7}.Debug|Any CPU.Build.0 = Debug|Any CPU
		{BAF5C781-1C18-4511-884D-3AD6289443B7}.Release|Any CPU.ActiveCfg = Release|Any CPU
		{BAF5C781-1C18-4511-884D-3AD6289443B7}.Release|Any CPU.Build.0 = Release|Any CPU
		{712C8BD7-3304-4344-AD89-44BBE013FD82}.Debug|Any CPU.ActiveCfg = Debug|Any CPU
		{712C8BD7-3304-4344-AD89-44BBE013FD82}.Debug|Any CPU.Build.0 = Debug|Any CPU
		{712C8BD7-3304-4344-AD89-44BBE013FD82}.Release|Any CPU.ActiveCfg = Release|Any CPU
		{712C8BD7-3304-4344-AD89-44BBE013FD82}.Release|Any CPU.Build.0 = Release|Any CPU
		{0CF665AA-1623-42BD-9C10-82475220B0C5}.Debug|Any CPU.ActiveCfg = Debug|Any CPU
		{0CF665AA-1623-42BD-9C10-82475220B0C5}.Debug|Any CPU.Build.0 = Debug|Any CPU
		{0CF665AA-1623-42BD-9C10-82475220B0C5}.Release|Any CPU.ActiveCfg = Release|Any CPU
		{0CF665AA-1623-42BD-9C10-82475220B0C5}.Release|Any CPU.Build.0 = Release|Any CPU
		{666F76E0-E1F4-4FCC-A025-E8D0CE9CD8C4}.Debug|Any CPU.ActiveCfg = Debug|Any CPU
		{666F76E0-E1F4-4FCC-A025-E8D0CE9CD8C4}.Debug|Any CPU.Build.0 = Debug|Any CPU
		{666F76E0-E1F4-4FCC-A025-E8D0CE9CD8C4}.Release|Any CPU.ActiveCfg = Release|Any CPU
		{666F76E0-E1F4-4FCC-A025-E8D0CE9CD8C4}.Release|Any CPU.Build.0 = Release|Any CPU
		{DF992B67-A589-434B-A4D9-D885C981D547}.Debug|Any CPU.ActiveCfg = Debug|Any CPU
		{DF992B67-A589-434B-A4D9-D885C981D547}.Debug|Any CPU.Build.0 = Debug|Any CPU
		{DF992B67-A589-434B-A4D9-D885C981D547}.Release|Any CPU.ActiveCfg = Release|Any CPU
		{DF992B67-A589-434B-A4D9-D885C981D547}.Release|Any CPU.Build.0 = Release|Any CPU
		{46AE194D-89C3-4D79-8070-FBAD05D967A2}.Debug|Any CPU.ActiveCfg = Debug|Any CPU
		{46AE194D-89C3-4D79-8070-FBAD05D967A2}.Debug|Any CPU.Build.0 = Debug|Any CPU
		{46AE194D-89C3-4D79-8070-FBAD05D967A2}.Release|Any CPU.ActiveCfg = Release|Any CPU
		{46AE194D-89C3-4D79-8070-FBAD05D967A2}.Release|Any CPU.Build.0 = Release|Any CPU
		{57F9CDF2-7B55-4863-BCB3-00320C579831}.Debug|Any CPU.ActiveCfg = Debug|Any CPU
		{57F9CDF2-7B55-4863-BCB3-00320C579831}.Debug|Any CPU.Build.0 = Debug|Any CPU
		{57F9CDF2-7B55-4863-BCB3-00320C579831}.Release|Any CPU.ActiveCfg = Release|Any CPU
		{57F9CDF2-7B55-4863-BCB3-00320C579831}.Release|Any CPU.Build.0 = Release|Any CPU
		{1AE805B6-DB06-4DD5-9274-F52A46F8E647}.Debug|Any CPU.ActiveCfg = Debug|Any CPU
		{1AE805B6-DB06-4DD5-9274-F52A46F8E647}.Debug|Any CPU.Build.0 = Debug|Any CPU
		{1AE805B6-DB06-4DD5-9274-F52A46F8E647}.Release|Any CPU.ActiveCfg = Release|Any CPU
		{1AE805B6-DB06-4DD5-9274-F52A46F8E647}.Release|Any CPU.Build.0 = Release|Any CPU
	EndGlobalSection
	GlobalSection(SolutionProperties) = preSolution
		HideSolutionNode = FALSE
	EndGlobalSection
	GlobalSection(NestedProjects) = preSolution
		{C8F29E73-B14A-48AC-B3DA-8D96CA4D28C9} = {50EB3A44-951F-4238-8E57-1F75F5976F39}
		{9BE7B161-906C-45B4-8C77-4C72914D8A10} = {50EB3A44-951F-4238-8E57-1F75F5976F39}
		{BAF5C781-1C18-4511-884D-3AD6289443B7} = {50EB3A44-951F-4238-8E57-1F75F5976F39}
		{712C8BD7-3304-4344-AD89-44BBE013FD82} = {DE95B9B6-7735-4FE4-B468-580654CC0519}
		{0CF665AA-1623-42BD-9C10-82475220B0C5} = {DE95B9B6-7735-4FE4-B468-580654CC0519}
		{666F76E0-E1F4-4FCC-A025-E8D0CE9CD8C4} = {8A81D1CA-960D-4917-A7CD-8AA93EEC2441}
		{DF992B67-A589-434B-A4D9-D885C981D547} = {8A81D1CA-960D-4917-A7CD-8AA93EEC2441}
		{46AE194D-89C3-4D79-8070-FBAD05D967A2} = {272AC58A-DDE8-4F3D-B162-F1D6BCD7A8BA}
		{57F9CDF2-7B55-4863-BCB3-00320C579831} = {272AC58A-DDE8-4F3D-B162-F1D6BCD7A8BA}
		{1AE805B6-DB06-4DD5-9274-F52A46F8E647} = {317D842C-A798-470C-8F0F-798D2623E751}
	EndGlobalSection
	GlobalSection(ExtensibilityGlobals) = postSolution
		SolutionGuid = {DFF43C01-3259-430A-A0AC-B7CD1B8E2E4E}
	EndGlobalSection
EndGlobal
